<?xml version="1.0" encoding="utf-8"?>
<Project ToolsVersion="4.0" xmlns="http://schemas.microsoft.com/developer/msbuild/2003">
  <ItemGroup>
    <Filter Include="소스 파일">
      <UniqueIdentifier>{4FC737F1-C7A5-4376-A066-2A32D752A2FF}</UniqueIdentifier>
      <Extensions>cpp;c;cc;cxx;c++;cppm;ixx;def;odl;idl;hpj;bat;asm;asmx</Extensions>
    </Filter>
    <Filter Include="헤더 파일">
      <UniqueIdentifier>{93995380-89BD-4b04-88EB-625FBE52EBFB}</UniqueIdentifier>
      <Extensions>h;hh;hpp;hxx;h++;hm;inl;inc;ipp;xsd</Extensions>
    </Filter>
    <Filter Include="리소스 파일">
      <UniqueIdentifier>{67DA6AB6-F800-4c08-8B7A-83BB121AAD01}</UniqueIdentifier>
      <Extensions>rc;ico;cur;bmp;dlg;rc2;rct;bin;rgs;gif;jpg;jpeg;jpe;resx;tiff;tif;png;wav;mfcribbon-ms</Extensions>
    </Filter>
    <Filter Include="Redis">
      <UniqueIdentifier>{01ba40be-f058-4d7e-88a0-e1cfca303778}</UniqueIdentifier>
    </Filter>
  </ItemGroup>
  <ItemGroup>
    <ClCompile Include="Main.cpp">
      <Filter>소스 파일</Filter>
    </ClCompile>
    <ClCompile Include="pch.cpp">
      <Filter>소스 파일</Filter>
    </ClCompile>
    <ClCompile Include="WORKER\GameWorker.cpp">
      <Filter>소스 파일</Filter>
    </ClCompile>
    <ClCompile Include="SERVER\GameServer.cpp">
      <Filter>소스 파일</Filter>
    </ClCompile>
    <ClCompile Include="SERVER\UserAcceptor.cpp">
      <Filter>소스 파일</Filter>
    </ClCompile>
    <ClCompile Include="SERVER\GameGlobal.cpp">
      <Filter>소스 파일</Filter>
    </ClCompile>
    <ClCompile Include="WORKER\GameWorker_GAME.cpp">
      <Filter>소스 파일</Filter>
    </ClCompile>
    <ClCompile Include="WORKER\GameWorker_GAME_Dispatch.cpp">
      <Filter>소스 파일</Filter>
    </ClCompile>
    <ClCompile Include="OBJECT\User.cpp">
      <Filter>소스 파일</Filter>
    </ClCompile>
    <ClCompile Include="OBJECT\UserManager.cpp">
      <Filter>소스 파일</Filter>
    </ClCompile>
    <ClCompile Include="RedisConnection.cpp">
      <Filter>Redis</Filter>
    </ClCompile>
    <ClCompile Include="RedisConnectionPool.cpp">
      <Filter>Redis</Filter>
    </ClCompile>
    <ClCompile Include="RedisCommon.cpp">
      <Filter>Redis</Filter>
    </ClCompile>
  </ItemGroup>
  <ItemGroup>
    <ClInclude Include="pch.h">
      <Filter>헤더 파일</Filter>
    </ClInclude>
    <ClInclude Include="WORKER\GameWorker.h">
      <Filter>헤더 파일</Filter>
    </ClInclude>
    <ClInclude Include="SERVER\GameServer.h">
      <Filter>헤더 파일</Filter>
    </ClInclude>
    <ClInclude Include="COMMON\SERVER_Types.h">
      <Filter>헤더 파일</Filter>
    </ClInclude>
    <ClInclude Include="SERVER\UserAcceptor.h">
      <Filter>헤더 파일</Filter>
    </ClInclude>
    <ClInclude Include="SERVER\GameGlobal.h">
      <Filter>헤더 파일</Filter>
    </ClInclude>
    <ClInclude Include="WORKER\GameWorker_GAME.h">
      <Filter>헤더 파일</Filter>
    </ClInclude>
    <ClInclude Include="PROTOCOL\Protocol_SYSTEM.h">
      <Filter>헤더 파일</Filter>
    </ClInclude>
    <ClInclude Include="OBJECT\User.h">
      <Filter>헤더 파일</Filter>
    </ClInclude>
    <ClInclude Include="OBJECT\UserManager.h">
      <Filter>헤더 파일</Filter>
    </ClInclude>
    <ClInclude Include="RedisConnection.h">
      <Filter>Redis</Filter>
    </ClInclude>
    <ClInclude Include="RedisConnectionPool.h">
      <Filter>Redis</Filter>
    </ClInclude>
    <ClInclude Include="RedisCommon.h">
      <Filter>Redis</Filter>
    </ClInclude>
  </ItemGroup>
</Project>